<?xml version="1.0" encoding="utf-8"?>
<Project ToolsVersion="4.0" xmlns="http://schemas.microsoft.com/developer/msbuild/2003">
  <ItemGroup>
    <Filter Include="Source Files">
      <UniqueIdentifier>{4FC737F1-C7A5-4376-A066-2A32D752A2FF}</UniqueIdentifier>
      <Extensions>cpp;c;cc;cxx;c++;cppm;ixx;def;odl;idl;hpj;bat;asm;asmx</Extensions>
    </Filter>
    <Filter Include="Header Files">
      <UniqueIdentifier>{93995380-89BD-4b04-88EB-625FBE52EBFB}</UniqueIdentifier>
      <Extensions>h;hh;hpp;hxx;h++;hm;inl;inc;ipp;xsd</Extensions>
    </Filter>
    <Filter Include="Resource Files">
      <UniqueIdentifier>{67DA6AB6-F800-4c08-8B7A-83BB121AAD01}</UniqueIdentifier>
      <Extensions>rc;ico;cur;bmp;dlg;rc2;rct;bin;rgs;gif;jpg;jpeg;jpe;resx;tiff;tif;png;wav;mfcribbon-ms</Extensions>
    </Filter>
    <Filter Include="Header Files\Entity">
      <UniqueIdentifier>{4fe7a696-23df-41e8-a07d-17796d5710b6}</UniqueIdentifier>
    </Filter>
    <Filter Include="Header Files\Entity\Item">
      <UniqueIdentifier>{c4b0a518-18c9-4658-bc8b-0ff8023e5266}</UniqueIdentifier>
    </Filter>
    <Filter Include="Header Files\Entity\Moveable">
      <UniqueIdentifier>{5762c059-d496-4093-af9c-1cdabba12f4f}</UniqueIdentifier>
    </Filter>
    <Filter Include="Header Files\Core">
      <UniqueIdentifier>{4c6e067b-4580-4d40-a8c2-0d233512e561}</UniqueIdentifier>
    </Filter>
    <Filter Include="Header Files\Utils">
      <UniqueIdentifier>{4301f7c7-8c22-4ac1-bc8b-d57c4a4a2698}</UniqueIdentifier>
    </Filter>
  </ItemGroup>
  <ItemGroup>
    <ClCompile Include="main.cpp">
      <Filter>Source Files</Filter>
    </ClCompile>
    <ClCompile Include="Stack.h">
      <Filter>Header Files\Utils</Filter>
    </ClCompile>
    <ClCompile Include="Wall.cpp">
      <Filter>Header Files\Entity</Filter>
    </ClCompile>
    <ClCompile Include="Passage.cpp">
      <Filter>Header Files\Entity</Filter>
    </ClCompile>
    <ClCompile Include="Entity.cpp">
      <Filter>Header Files\Entity</Filter>
    </ClCompile>
    <ClCompile Include="Game.cpp">
      <Filter>Header Files\Core</Filter>
    </ClCompile>
    <ClCompile Include="Coord.cpp">
      <Filter>Header Files\Utils</Filter>
    </ClCompile>
    <ClCompile Include="Enemy.cpp">
      <Filter>Header Files\Entity\Moveable</Filter>
    </ClCompile>
    <ClCompile Include="Exit.cpp">
      <Filter>Header Files\Entity\Item</Filter>
    </ClCompile>
    <ClCompile Include="ConsoleUI.cpp">
      <Filter>Header Files\Core</Filter>
    </ClCompile>
    <ClCompile Include="Item.cpp">
      <Filter>Header Files\Entity\Item</Filter>
    </ClCompile>
    <ClCompile Include="Key.cpp">
      <Filter>Header Files\Entity\Item</Filter>
    </ClCompile>
    <ClCompile Include="Life.cpp">
      <Filter>Header Files\Entity\Item</Filter>
    </ClCompile>
    <ClCompile Include="Maze.cpp">
      <Filter>Header Files\Core</Filter>
    </ClCompile>
    <ClCompile Include="Moveable.cpp">
      <Filter>Header Files\Entity\Moveable</Filter>
    </ClCompile>
    <ClCompile Include="Player.cpp">
      <Filter>Header Files\Entity\Moveable</Filter>
    </ClCompile>
    <ClCompile Include="Random.cpp">
      <Filter>Header Files\Core</Filter>
    </ClCompile>
    <ClCompile Include="String.cpp">
      <Filter>Header Files\Utils</Filter>
    </ClCompile>
    <ClCompile Include="SpeedUp.cpp">
      <Filter>Header Files\Entity\Item</Filter>
    </ClCompile>
    <ClCompile Include="Frost.cpp">
      <Filter>Header Files\Entity\Item</Filter>
    </ClCompile>
    <ClCompile Include="Knife.cpp">
      <Filter>Header Files\Entity\Item</Filter>
    </ClCompile>
  </ItemGroup>
  <ItemGroup>
    <ClInclude Include="Passage.h">
      <Filter>Header Files\Entity</Filter>
    </ClInclude>
    <ClInclude Include="Wall.h">
      <Filter>Header Files\Entity</Filter>
    </ClInclude>
    <ClInclude Include="Key.h">
      <Filter>Header Files\Entity\Item</Filter>
    </ClInclude>
    <ClInclude Include="Life.h">
      <Filter>Header Files\Entity\Item</Filter>
    </ClInclude>
    <ClInclude Include="Exit.h">
      <Filter>Header Files\Entity\Item</Filter>
    </ClInclude>
    <ClInclude Include="Enemy.h">
      <Filter>Header Files\Entity\Moveable</Filter>
    </ClInclude>
    <ClInclude Include="Player.h">
      <Filter>Header Files\Entity\Moveable</Filter>
    </ClInclude>
    <ClInclude Include="Moveable.h">
      <Filter>Header Files\Entity\Moveable</Filter>
    </ClInclude>
    <ClInclude Include="Game.h">
      <Filter>Header Files\Core</Filter>
    </ClInclude>
    <ClInclude Include="Entity.h">
      <Filter>Header Files\Entity</Filter>
    </ClInclude>
    <ClInclude Include="Random.h">
      <Filter>Header Files\Core</Filter>
    </ClInclude>
    <ClInclude Include="ConsoleUI.h">
      <Filter>Header Files\Core</Filter>
    </ClInclude>
    <ClInclude Include="Item.h">
      <Filter>Header Files\Entity\Item</Filter>
    </ClInclude>
    <ClInclude Include="Maze.h">
      <Filter>Header Files\Core</Filter>
    </ClInclude>
    <ClInclude Include="HashTable.h">
      <Filter>Header Files\Utils</Filter>
    </ClInclude>
    <ClInclude Include="Coord.h">
      <Filter>Header Files\Utils</Filter>
    </ClInclude>
    <ClInclude Include="String.h">
      <Filter>Header Files\Utils</Filter>
    </ClInclude>
    <ClInclude Include="UniquePtr.h">
      <Filter>Header Files\Utils</Filter>
    </ClInclude>
    <ClInclude Include="Vector.h">
      <Filter>Header Files\Utils</Filter>
    </ClInclude>
    <ClInclude Include="SpeedUp.h">
      <Filter>Header Files\Entity\Item</Filter>
    </ClInclude>
    <ClInclude Include="Frost.h">
      <Filter>Header Files\Entity\Item</Filter>
    </ClInclude>
    <ClInclude Include="Knife.h">
      <Filter>Header Files\Entity\Item</Filter>
    </ClInclude>
  </ItemGroup>
</Project>